
Microsoft Visual Studio Solution File, Format Version 12.00
# Visual Studio Version 16
VisualStudioVersion = 16.0.33027.164
MinimumVisualStudioVersion = 10.0.40219.1
Project("{FAE04EC0-301F-11D3-BF4B-00C04F79EFBC}") = "lab1_prtech", "lab1_prtech\lab1_prtech.csproj", "{769E64DE-416B-4DC0-A133-58BBF44FE3CB}"
EndProject
Global
	GlobalSection(SolutionConfigurationPlatforms) = preSolution
		Debug|Any CPU = Debug|Any CPU
		Debug|x32 = Debug|x32
		Debug|x64 = Debug|x64
		Debug|x86 = Debug|x86
		Release|Any CPU = Release|Any CPU
		Release|x32 = Release|x32
		Release|x64 = Release|x64
		Release|x86 = Release|x86
	EndGlobalSection
	GlobalSection(ProjectConfigurationPlatforms) = postSolution
		{769E64DE-416B-4DC0-A133-58BBF44FE3CB}.Debug|Any CPU.ActiveCfg = Debug|Any CPU
		{769E64DE-416B-4DC0-A133-58BBF44FE3CB}.Debug|Any CPU.Build.0 = Debug|Any CPU
		{769E64DE-416B-4DC0-A133-58BBF44FE3CB}.Debug|x32.ActiveCfg = Debug|x64
		{769E64DE-416B-4DC0-A133-58BBF44FE3CB}.Debug|x32.Build.0 = Debug|x64
		{769E64DE-416B-4DC0-A133-58BBF44FE3CB}.Debug|x64.ActiveCfg = Debug|x64
		{769E64DE-416B-4DC0-A133-58BBF44FE3CB}.Debug|x64.Build.0 = Debug|x64
		{769E64DE-416B-4DC0-A133-58BBF44FE3CB}.Debug|x86.ActiveCfg = Debug|x64
		{769E64DE-416B-4DC0-A133-58BBF44FE3CB}.Debug|x86.Build.0 = Debug|x64
		{769E64DE-416B-4DC0-A133-58BBF44FE3CB}.Release|Any CPU.ActiveCfg = Release|Any CPU
		{769E64DE-416B-4DC0-A133-58BBF44FE3CB}.Release|Any CPU.Build.0 = Release|Any CPU
		{769E64DE-416B-4DC0-A133-58BBF44FE3CB}.Release|x32.ActiveCfg = Release|x64
		{769E64DE-416B-4DC0-A133-58BBF44FE3CB}.Release|x32.Build.0 = Release|x64
		{769E64DE-416B-4DC0-A133-58BBF44FE3CB}.Release|x64.ActiveCfg = Release|x64
		{769E64DE-416B-4DC0-A133-58BBF44FE3CB}.Release|x64.Build.0 = Release|x64
		{769E64DE-416B-4DC0-A133-58BBF44FE3CB}.Release|x86.ActiveCfg = Release|x86
		{769E64DE-416B-4DC0-A133-58BBF44FE3CB}.Release|x86.Build.0 = Release|x86
	EndGlobalSection
	GlobalSection(SolutionProperties) = preSolution
		HideSolutionNode = FALSE
	EndGlobalSection
	GlobalSection(ExtensibilityGlobals) = postSolution
		SolutionGuid = {475EB45F-AACA-45C3-AA5A-CF867A81AD99}
	EndGlobalSection
EndGlobal
